
Microsoft Visual Studio Solution File, Format Version 12.00
# Visual Studio Version 16
VisualStudioVersion = 16.0.29613.14
MinimumVisualStudioVersion = 10.0.40219.1
Project("{FAE04EC0-301F-11D3-BF4B-00C04F79EFBC}") = "CacheManagerNatasha", "CacheManagerNatasha\CacheManagerNatasha.csproj", "{9AD359A9-30F6-4B88-9D60-61C81C216168}"
EndProject
Project("{FAE04EC0-301F-11D3-BF4B-00C04F79EFBC}") = "CacheManagerNatashaTest", "CacheManagerNatashaTest\CacheManagerNatashaTest.csproj", "{F651F7F8-C5C3-4B1C-8752-83882DB1DE83}"
EndProject
Global
	GlobalSection(SolutionConfigurationPlatforms) = preSolution
		Debug|Any CPU = Debug|Any CPU
		Release|Any CPU = Release|Any CPU
	EndGlobalSection
	GlobalSection(ProjectConfigurationPlatforms) = postSolution
		{9AD359A9-30F6-4B88-9D60-61C81C216168}.Debug|Any CPU.ActiveCfg = Debug|Any CPU
		{9AD359A9-30F6-4B88-9D60-61C81C216168}.Debug|Any CPU.Build.0 = Debug|Any CPU
		{9AD359A9-30F6-4B88-9D60-61C81C216168}.Release|Any CPU.ActiveCfg = Release|Any CPU
		{9AD359A9-30F6-4B88-9D60-61C81C216168}.Release|Any CPU.Build.0 = Release|Any CPU
		{F651F7F8-C5C3-4B1C-8752-83882DB1DE83}.Debug|Any CPU.ActiveCfg = Debug|Any CPU
		{F651F7F8-C5C3-4B1C-8752-83882DB1DE83}.Debug|Any CPU.Build.0 = Debug|Any CPU
		{F651F7F8-C5C3-4B1C-8752-83882DB1DE83}.Release|Any CPU.ActiveCfg = Release|Any CPU
		{F651F7F8-C5C3-4B1C-8752-83882DB1DE83}.Release|Any CPU.Build.0 = Release|Any CPU
	EndGlobalSection
	GlobalSection(SolutionProperties) = preSolution
		HideSolutionNode = FALSE
	EndGlobalSection
	GlobalSection(ExtensibilityGlobals) = postSolution
		SolutionGuid = {3335E27C-116E-4488-A8CC-20607EF67122}
	EndGlobalSection
EndGlobal
